{
    "name": "generic-lang",
    "version": "0.0.9",
    "lockfileVersion": 3,
    "requires": true,
    "packages": {
        "": {
            "name": "generic-lang",
            "version": "0.0.9",
            "license": "MIT",
            "engines": {
                "vscode": "^1.24.0"
            }
        }
    }
}
